
Microsoft Visual Studio Solution File, Format Version 12.00
# Visual Studio 15
Project("{FAE04EC0-301F-11D3-BF4B-00C04F79EFBC}") = "Valentines Day Card", "Valentines Day Card.csproj", "{FFE76FAE-B158-6069-3CDF-92D559F405B4}"
EndProject
Project("{FAE04EC0-301F-11D3-BF4B-00C04F79EFBC}") = "Valentines Day Card.Editor", "Valentines Day Card.Editor.csproj", "{CE69AC99-A6B4-272F-F799-A50F21152DB3}"
EndProject
Global
	GlobalSection(SolutionConfigurationPlatforms) = preSolution
		Debug|Any CPU = Debug|Any CPU
		Release|Any CPU = Release|Any CPU
	EndGlobalSection
	GlobalSection(ProjectConfigurationPlatforms) = postSolution
		{FFE76FAE-B158-6069-3CDF-92D559F405B4}.Debug|Any CPU.ActiveCfg = Debug|Any CPU
		{FFE76FAE-B158-6069-3CDF-92D559F405B4}.Debug|Any CPU.Build.0 = Debug|Any CPU
		{FFE76FAE-B158-6069-3CDF-92D559F405B4}.Release|Any CPU.ActiveCfg = Release|Any CPU
		{FFE76FAE-B158-6069-3CDF-92D559F405B4}.Release|Any CPU.Build.0 = Release|Any CPU
		{CE69AC99-A6B4-272F-F799-A50F21152DB3}.Debug|Any CPU.ActiveCfg = Debug|Any CPU
		{CE69AC99-A6B4-272F-F799-A50F21152DB3}.Debug|Any CPU.Build.0 = Debug|Any CPU
		{CE69AC99-A6B4-272F-F799-A50F21152DB3}.Release|Any CPU.ActiveCfg = Release|Any CPU
		{CE69AC99-A6B4-272F-F799-A50F21152DB3}.Release|Any CPU.Build.0 = Release|Any CPU
	EndGlobalSection
	GlobalSection(SolutionProperties) = preSolution
		HideSolutionNode = FALSE
	EndGlobalSection
EndGlobal
